
Microsoft Visual Studio Solution File, Format Version 12.00
# Visual Studio Version 17
VisualStudioVersion = 17.4.33213.308
MinimumVisualStudioVersion = 10.0.40219.1
Project("{FAE04EC0-301F-11D3-BF4B-00C04F79EFBC}") = "Semi.Avalonia.Demo", "Semi.Avalonia.Demo\Semi.Avalonia.Demo.csproj", "{CEBA948A-3580-48DA-BD15-28579831D3ED}"
EndProject
Global
	GlobalSection(SolutionConfigurationPlatforms) = preSolution
		Debug|Any CPU = Debug|Any CPU
		Release|Any CPU = Release|Any CPU
	EndGlobalSection
	GlobalSection(ProjectConfigurationPlatforms) = postSolution
		{CEBA948A-3580-48DA-BD15-28579831D3ED}.Debug|Any CPU.ActiveCfg = Debug|Any CPU
		{CEBA948A-3580-48DA-BD15-28579831D3ED}.Debug|Any CPU.Build.0 = Debug|Any CPU
		{CEBA948A-3580-48DA-BD15-28579831D3ED}.Release|Any CPU.ActiveCfg = Release|Any CPU
		{CEBA948A-3580-48DA-BD15-28579831D3ED}.Release|Any CPU.Build.0 = Release|Any CPU
	EndGlobalSection
	GlobalSection(SolutionProperties) = preSolution
		HideSolutionNode = FALSE
	EndGlobalSection
	GlobalSection(ExtensibilityGlobals) = postSolution
		SolutionGuid = {9CD0D783-CA81-4502-8FD6-0F5E88AEC20A}
	EndGlobalSection
EndGlobal
